
Microsoft Visual Studio Solution File, Format Version 12.00
# Visual Studio Version 17
Project("{8BC9CEB8-8B4A-11D0-8D11-00A0C91BC942}") = "ALL_BUILD", "ALL_BUILD.vcxproj", "{AA815113-BA6A-345A-950C-E0EC4121A39C}"
	ProjectSection(ProjectDependencies) = postProject
		{3813B6CD-74F1-3581-BE4F-B47865154B40} = {3813B6CD-74F1-3581-BE4F-B47865154B40}
		{A49FA85D-C7B5-397E-A294-37B44D6CA0E5} = {A49FA85D-C7B5-397E-A294-37B44D6CA0E5}
	EndProjectSection
EndProject
Project("{8BC9CEB8-8B4A-11D0-8D11-00A0C91BC942}") = "ZERO_CHECK", "ZERO_CHECK.vcxproj", "{3813B6CD-74F1-3581-BE4F-B47865154B40}"
	ProjectSection(ProjectDependencies) = postProject
	EndProjectSection
EndProject
Project("{8BC9CEB8-8B4A-11D0-8D11-00A0C91BC942}") = "env", "env.vcxproj", "{A49FA85D-C7B5-397E-A294-37B44D6CA0E5}"
	ProjectSection(ProjectDependencies) = postProject
		{3813B6CD-74F1-3581-BE4F-B47865154B40} = {3813B6CD-74F1-3581-BE4F-B47865154B40}
	EndProjectSection
EndProject
Global
	GlobalSection(SolutionConfigurationPlatforms) = preSolution
		Debug|x64 = Debug|x64
		Release|x64 = Release|x64
		MinSizeRel|x64 = MinSizeRel|x64
		RelWithDebInfo|x64 = RelWithDebInfo|x64
	EndGlobalSection
	GlobalSection(ProjectConfigurationPlatforms) = postSolution
		{AA815113-BA6A-345A-950C-E0EC4121A39C}.Debug|x64.ActiveCfg = Debug|x64
		{AA815113-BA6A-345A-950C-E0EC4121A39C}.Release|x64.ActiveCfg = Release|x64
		{AA815113-BA6A-345A-950C-E0EC4121A39C}.MinSizeRel|x64.ActiveCfg = MinSizeRel|x64
		{AA815113-BA6A-345A-950C-E0EC4121A39C}.RelWithDebInfo|x64.ActiveCfg = RelWithDebInfo|x64
		{3813B6CD-74F1-3581-BE4F-B47865154B40}.Debug|x64.ActiveCfg = Debug|x64
		{3813B6CD-74F1-3581-BE4F-B47865154B40}.Debug|x64.Build.0 = Debug|x64
		{3813B6CD-74F1-3581-BE4F-B47865154B40}.Release|x64.ActiveCfg = Release|x64
		{3813B6CD-74F1-3581-BE4F-B47865154B40}.Release|x64.Build.0 = Release|x64
		{3813B6CD-74F1-3581-BE4F-B47865154B40}.MinSizeRel|x64.ActiveCfg = MinSizeRel|x64
		{3813B6CD-74F1-3581-BE4F-B47865154B40}.MinSizeRel|x64.Build.0 = MinSizeRel|x64
		{3813B6CD-74F1-3581-BE4F-B47865154B40}.RelWithDebInfo|x64.ActiveCfg = RelWithDebInfo|x64
		{3813B6CD-74F1-3581-BE4F-B47865154B40}.RelWithDebInfo|x64.Build.0 = RelWithDebInfo|x64
		{A49FA85D-C7B5-397E-A294-37B44D6CA0E5}.Debug|x64.ActiveCfg = Debug|x64
		{A49FA85D-C7B5-397E-A294-37B44D6CA0E5}.Debug|x64.Build.0 = Debug|x64
		{A49FA85D-C7B5-397E-A294-37B44D6CA0E5}.Release|x64.ActiveCfg = Release|x64
		{A49FA85D-C7B5-397E-A294-37B44D6CA0E5}.Release|x64.Build.0 = Release|x64
		{A49FA85D-C7B5-397E-A294-37B44D6CA0E5}.MinSizeRel|x64.ActiveCfg = MinSizeRel|x64
		{A49FA85D-C7B5-397E-A294-37B44D6CA0E5}.MinSizeRel|x64.Build.0 = MinSizeRel|x64
		{A49FA85D-C7B5-397E-A294-37B44D6CA0E5}.RelWithDebInfo|x64.ActiveCfg = RelWithDebInfo|x64
		{A49FA85D-C7B5-397E-A294-37B44D6CA0E5}.RelWithDebInfo|x64.Build.0 = RelWithDebInfo|x64
	EndGlobalSection
	GlobalSection(ExtensibilityGlobals) = postSolution
		SolutionGuid = {18F3638E-72B6-344C-8751-0D68EFE46AEE}
	EndGlobalSection
	GlobalSection(ExtensibilityAddIns) = postSolution
	EndGlobalSection
EndGlobal
